
Microsoft Visual Studio Solution File, Format Version 12.00
# Visual Studio 15
VisualStudioVersion = 15.0.28307.645
MinimumVisualStudioVersion = 10.0.40219.1
Project("{FAE04EC0-301F-11D3-BF4B-00C04F79EFBC}") = "ShieldingPlayerDemo", "ShieldingPlayerDemo\ShieldingPlayerDemo.csproj", "{E4DC3AD1-6DC3-4524-9C63-EDD3A91D290D}"
EndProject
Global
	GlobalSection(SolutionConfigurationPlatforms) = preSolution
		Debug|Any CPU = Debug|Any CPU
		Release|Any CPU = Release|Any CPU
	EndGlobalSection
	GlobalSection(ProjectConfigurationPlatforms) = postSolution
		{E4DC3AD1-6DC3-4524-9C63-EDD3A91D290D}.Debug|Any CPU.ActiveCfg = Debug|Any CPU
		{E4DC3AD1-6DC3-4524-9C63-EDD3A91D290D}.Debug|Any CPU.Build.0 = Debug|Any CPU
		{E4DC3AD1-6DC3-4524-9C63-EDD3A91D290D}.Release|Any CPU.ActiveCfg = Release|Any CPU
		{E4DC3AD1-6DC3-4524-9C63-EDD3A91D290D}.Release|Any CPU.Build.0 = Release|Any CPU
	EndGlobalSection
	GlobalSection(SolutionProperties) = preSolution
		HideSolutionNode = FALSE
	EndGlobalSection
	GlobalSection(ExtensibilityGlobals) = postSolution
		SolutionGuid = {3599D49F-AEEB-4D69-A2BD-E1EE19F65B42}
	EndGlobalSection
EndGlobal
